
Microsoft Visual Studio Solution File, Format Version 12.00
# Visual Studio Version 16
VisualStudioVersion = 16.0.31702.278
MinimumVisualStudioVersion = 10.0.40219.1
Project("{FAE04EC0-301F-11D3-BF4B-00C04F79EFBC}") = "ConsoleAppPublica", "ConsoleAppPublica\ConsoleAppPublica.csproj", "{5EE0C213-C8FB-46C8-A710-5B2F03DC00ED}"
EndProject
Global
	GlobalSection(SolutionConfigurationPlatforms) = preSolution
		Debug|Any CPU = Debug|Any CPU
		Release|Any CPU = Release|Any CPU
	EndGlobalSection
	GlobalSection(ProjectConfigurationPlatforms) = postSolution
		{5EE0C213-C8FB-46C8-A710-5B2F03DC00ED}.Debug|Any CPU.ActiveCfg = Debug|Any CPU
		{5EE0C213-C8FB-46C8-A710-5B2F03DC00ED}.Debug|Any CPU.Build.0 = Debug|Any CPU
		{5EE0C213-C8FB-46C8-A710-5B2F03DC00ED}.Release|Any CPU.ActiveCfg = Release|Any CPU
		{5EE0C213-C8FB-46C8-A710-5B2F03DC00ED}.Release|Any CPU.Build.0 = Release|Any CPU
	EndGlobalSection
	GlobalSection(SolutionProperties) = preSolution
		HideSolutionNode = FALSE
	EndGlobalSection
	GlobalSection(ExtensibilityGlobals) = postSolution
		SolutionGuid = {C8246723-B353-4043-8E64-655B94063B60}
	EndGlobalSection
EndGlobal
